// !$*UTF8*$!
{
	archiveVersion = 1;
	classes = {
	};
	objectVersion = 50;
	objects = {

/* Begin PBXBuildFile section */
		FDF8A158232C1D7600AC4C64 /* AppDelegate.swift in Sources */ = {isa = PBXBuildFile; fileRef = FDF8A157232C1D7600AC4C64 /* AppDelegate.swift */; };
		FDF8A15A232C1D7600AC4C64 /* ViewController.swift in Sources */ = {isa = PBXBuildFile; fileRef = FDF8A159232C1D7600AC4C64 /* ViewController.swift */; };
		FDF8A15D232C1D7600AC4C64 /* Main.storyboard in Resources */ = {isa = PBXBuildFile; fileRef = FDF8A15B232C1D7600AC4C64 /* Main.storyboard */; };
		FDF8A15F232C1D7800AC4C64 /* Assets.xcassets in Resources */ = {isa = PBXBuildFile; fileRef = FDF8A15E232C1D7800AC4C64 /* Assets.xcassets */; };
		FDF8A162232C1D7800AC4C64 /* LaunchScreen.storyboard in Resources */ = {isa = PBXBuildFile; fileRef = FDF8A160232C1D7800AC4C64 /* LaunchScreen.storyboard */; };
		FDF8A16A232C1DA200AC4C64 /* Snowman.swift in Sources */ = {isa = PBXBuildFile; fileRef = FDF8A169232C1DA200AC4C64 /* Snowman.swift */; };
		FDF8A199232E6DAD00AC4C64 /* SnowmanViewController.swift in Sources */ = {isa = PBXBuildFile; fileRef = FDF8A198232E6DAD00AC4C64 /* SnowmanViewController.swift */; };
		FDF8A19D232EB3FA00AC4C64 /* MainViewController.swift in Sources */ = {isa = PBXBuildFile; fileRef = FDF8A19C232EB3FA00AC4C64 /* MainViewController.swift */; };
		FDF8A1A0232EB67100AC4C64 /* Identifirable.swift in Sources */ = {isa = PBXBuildFile; fileRef = FDF8A19F232EB67100AC4C64 /* Identifirable.swift */; };
/* End PBXBuildFile section */

/* Begin PBXFileReference section */
		FDF8A154232C1D7600AC4C64 /* MultiMVCProject.app */ = {isa = PBXFileReference; explicitFileType = wrapper.application; includeInIndex = 0; path = MultiMVCProject.app; sourceTree = BUILT_PRODUCTS_DIR; };
		FDF8A157232C1D7600AC4C64 /* AppDelegate.swift */ = {isa = PBXFileReference; lastKnownFileType = sourcecode.swift; path = AppDelegate.swift; sourceTree = "<group>"; };
		FDF8A159232C1D7600AC4C64 /* ViewController.swift */ = {isa = PBXFileReference; lastKnownFileType = sourcecode.swift; path = ViewController.swift; sourceTree = "<group>"; };
		FDF8A15C232C1D7600AC4C64 /* Base */ = {isa = PBXFileReference; lastKnownFileType = file.storyboard; name = Base; path = Base.lproj/Main.storyboard; sourceTree = "<group>"; };
		FDF8A15E232C1D7800AC4C64 /* Assets.xcassets */ = {isa = PBXFileReference; lastKnownFileType = folder.assetcatalog; path = Assets.xcassets; sourceTree = "<group>"; };
		FDF8A161232C1D7800AC4C64 /* Base */ = {isa = PBXFileReference; lastKnownFileType = file.storyboard; name = Base; path = Base.lproj/LaunchScreen.storyboard; sourceTree = "<group>"; };
		FDF8A163232C1D7800AC4C64 /* Info.plist */ = {isa = PBXFileReference; lastKnownFileType = text.plist.xml; path = Info.plist; sourceTree = "<group>"; };
		FDF8A169232C1DA200AC4C64 /* Snowman.swift */ = {isa = PBXFileReference; lastKnownFileType = sourcecode.swift; path = Snowman.swift; sourceTree = "<group>"; };
		FDF8A198232E6DAD00AC4C64 /* SnowmanViewController.swift */ = {isa = PBXFileReference; lastKnownFileType = sourcecode.swift; path = SnowmanViewController.swift; sourceTree = "<group>"; };
		FDF8A19C232EB3FA00AC4C64 /* MainViewController.swift */ = {isa = PBXFileReference; lastKnownFileType = sourcecode.swift; path = MainViewController.swift; sourceTree = "<group>"; };
		FDF8A19F232EB67100AC4C64 /* Identifirable.swift */ = {isa = PBXFileReference; lastKnownFileType = sourcecode.swift; path = Identifirable.swift; sourceTree = "<group>"; };
/* End PBXFileReference section */

/* Begin PBXFrameworksBuildPhase section */
		FDF8A151232C1D7600AC4C64 /* Frameworks */ = {
			isa = PBXFrameworksBuildPhase;
			buildActionMask = 2147483647;
			files = (
			);
			runOnlyForDeploymentPostprocessing = 0;
		};
/* End PBXFrameworksBuildPhase section */

/* Begin PBXGroup section */
		FDF8A14B232C1D7600AC4C64 = {
			isa = PBXGroup;
			children = (
				FDF8A156232C1D7600AC4C64 /* MultiMVCProject */,
				FDF8A155232C1D7600AC4C64 /* Products */,
			);
			sourceTree = "<group>";
		};
		FDF8A155232C1D7600AC4C64 /* Products */ = {
			isa = PBXGroup;
			children = (
				FDF8A154232C1D7600AC4C64 /* MultiMVCProject.app */,
			);
			name = Products;
			sourceTree = "<group>";
		};
		FDF8A156232C1D7600AC4C64 /* MultiMVCProject */ = {
			isa = PBXGroup;
			children = (
				FDF8A19E232EB5CF00AC4C64 /* Extensions */,
				FDF8A19B232EB3BC00AC4C64 /* ViewControllers */,
				FDF8A19A232EB39F00AC4C64 /* Snowman */,
				FDF8A157232C1D7600AC4C64 /* AppDelegate.swift */,
				FDF8A159232C1D7600AC4C64 /* ViewController.swift */,
				FDF8A15B232C1D7600AC4C64 /* Main.storyboard */,
				FDF8A195232E6C6600AC4C64 /* Supporting Files */,
			);
			path = MultiMVCProject;
			sourceTree = "<group>";
		};
		FDF8A195232E6C6600AC4C64 /* Supporting Files */ = {
			isa = PBXGroup;
			children = (
				FDF8A15E232C1D7800AC4C64 /* Assets.xcassets */,
				FDF8A160232C1D7800AC4C64 /* LaunchScreen.storyboard */,
				FDF8A163232C1D7800AC4C64 /* Info.plist */,
			);
			path = "Supporting Files";
			sourceTree = "<group>";
		};
		FDF8A196232E6CD300AC4C64 /* Views */ = {
			isa = PBXGroup;
			children = (
				FDF8A169232C1DA200AC4C64 /* Snowman.swift */,
			);
			path = Views;
			sourceTree = "<group>";
		};
		FDF8A197232E6CF100AC4C64 /* ViewControllers */ = {
			isa = PBXGroup;
			children = (
				FDF8A198232E6DAD00AC4C64 /* SnowmanViewController.swift */,
			);
			path = ViewControllers;
			sourceTree = "<group>";
		};
		FDF8A19A232EB39F00AC4C64 /* Snowman */ = {
			isa = PBXGroup;
			children = (
				FDF8A196232E6CD300AC4C64 /* Views */,
				FDF8A197232E6CF100AC4C64 /* ViewControllers */,
			);
			path = Snowman;
			sourceTree = "<group>";
		};
		FDF8A19B232EB3BC00AC4C64 /* ViewControllers */ = {
			isa = PBXGroup;
			children = (
				FDF8A19C232EB3FA00AC4C64 /* MainViewController.swift */,
			);
			path = ViewControllers;
			sourceTree = "<group>";
		};
		FDF8A19E232EB5CF00AC4C64 /* Extensions */ = {
			isa = PBXGroup;
			children = (
				FDF8A19F232EB67100AC4C64 /* Identifirable.swift */,
			);
			path = Extensions;
			sourceTree = "<group>";
		};
/* End PBXGroup section */

/* Begin PBXNativeTarget section */
		FDF8A153232C1D7600AC4C64 /* MultiMVCProject */ = {
			isa = PBXNativeTarget;
			buildConfigurationList = FDF8A166232C1D7800AC4C64 /* Build configuration list for PBXNativeTarget "MultiMVCProject" */;
			buildPhases = (
				FDF8A150232C1D7600AC4C64 /* Sources */,
				FDF8A151232C1D7600AC4C64 /* Frameworks */,
				FDF8A152232C1D7600AC4C64 /* Resources */,
			);
			buildRules = (
			);
			dependencies = (
			);
			name = MultiMVCProject;
			productName = MultiMVCProject;
			productReference = FDF8A154232C1D7600AC4C64 /* MultiMVCProject.app */;
			productType = "com.apple.product-type.application";
		};
/* End PBXNativeTarget section */

/* Begin PBXProject section */
		FDF8A14C232C1D7600AC4C64 /* Project object */ = {
			isa = PBXProject;
			attributes = {
				LastSwiftUpdateCheck = 1020;
				LastUpgradeCheck = 1020;
				ORGANIZATIONNAME = "Nadzeya Leanovich";
				TargetAttributes = {
					FDF8A153232C1D7600AC4C64 = {
						CreatedOnToolsVersion = 10.2.1;
					};
				};
			};
			buildConfigurationList = FDF8A14F232C1D7600AC4C64 /* Build configuration list for PBXProject "MultiMVCProject" */;
			compatibilityVersion = "Xcode 9.3";
			developmentRegion = en;
			hasScannedForEncodings = 0;
			knownRegions = (
				en,
				Base,
			);
			mainGroup = FDF8A14B232C1D7600AC4C64;
			productRefGroup = FDF8A155232C1D7600AC4C64 /* Products */;
			projectDirPath = "";
			projectRoot = "";
			targets = (
				FDF8A153232C1D7600AC4C64 /* MultiMVCProject */,
			);
		};
/* End PBXProject section */

/* Begin PBXResourcesBuildPhase section */
		FDF8A152232C1D7600AC4C64 /* Resources */ = {
			isa = PBXResourcesBuildPhase;
			buildActionMask = 2147483647;
			files = (
				FDF8A162232C1D7800AC4C64 /* LaunchScreen.storyboard in Resources */,
				FDF8A15F232C1D7800AC4C64 /* Assets.xcassets in Resources */,
				FDF8A15D232C1D7600AC4C64 /* Main.storyboard in Resources */,
			);
			runOnlyForDeploymentPostprocessing = 0;
		};
/* End PBXResourcesBuildPhase section */

/* Begin PBXSourcesBuildPhase section */
		FDF8A150232C1D7600AC4C64 /* Sources */ = {
			isa = PBXSourcesBuildPhase;
			buildActionMask = 2147483647;
			files = (
				FDF8A1A0232EB67100AC4C64 /* Identifirable.swift in Sources */,
				FDF8A199232E6DAD00AC4C64 /* SnowmanViewController.swift in Sources */,
				FDF8A16A232C1DA200AC4C64 /* Snowman.swift in Sources */,
				FDF8A15A232C1D7600AC4C64 /* ViewController.swift in Sources */,
				FDF8A158232C1D7600AC4C64 /* AppDelegate.swift in Sources */,
				FDF8A19D232EB3FA00AC4C64 /* MainViewController.swift in Sources */,
			);
			runOnlyForDeploymentPostprocessing = 0;
		};
/* End PBXSourcesBuildPhase section */

/* Begin PBXVariantGroup section */
		FDF8A15B232C1D7600AC4C64 /* Main.storyboard */ = {
			isa = PBXVariantGroup;
			children = (
				FDF8A15C232C1D7600AC4C64 /* Base */,
			);
			name = Main.storyboard;
			sourceTree = "<group>";
		};
		FDF8A160232C1D7800AC4C64 /* LaunchScreen.storyboard */ = {
			isa = PBXVariantGroup;
			children = (
				FDF8A161232C1D7800AC4C64 /* Base */,
			);
			name = LaunchScreen.storyboard;
			sourceTree = "<group>";
		};
/* End PBXVariantGroup section */

/* Begin XCBuildConfiguration section */
		FDF8A164232C1D7800AC4C64 /* Debug */ = {
			isa = XCBuildConfiguration;
			buildSettings = {
				ALWAYS_SEARCH_USER_PATHS = NO;
				CLANG_ANALYZER_NONNULL = YES;
				CLANG_ANALYZER_NUMBER_OBJECT_CONVERSION = YES_AGGRESSIVE;
				CLANG_CXX_LANGUAGE_STANDARD = "gnu++14";
				CLANG_CXX_LIBRARY = "libc++";
				CLANG_ENABLE_MODULES = YES;
				CLANG_ENABLE_OBJC_ARC = YES;
				CLANG_ENABLE_OBJC_WEAK = YES;
				CLANG_WARN_BLOCK_CAPTURE_AUTORELEASING = YES;
				CLANG_WARN_BOOL_CONVERSION = YES;
				CLANG_WARN_COMMA = YES;
				CLANG_WARN_CONSTANT_CONVERSION = YES;
				CLANG_WARN_DEPRECATED_OBJC_IMPLEMENTATIONS = YES;
				CLANG_WARN_DIRECT_OBJC_ISA_USAGE = YES_ERROR;
				CLANG_WARN_DOCUMENTATION_COMMENTS = YES;
				CLANG_WARN_EMPTY_BODY = YES;
				CLANG_WARN_ENUM_CONVERSION = YES;
				CLANG_WARN_INFINITE_RECURSION = YES;
				CLANG_WARN_INT_CONVERSION = YES;
				CLANG_WARN_NON_LITERAL_NULL_CONVERSION = YES;
				CLANG_WARN_OBJC_IMPLICIT_RETAIN_SELF = YES;
				CLANG_WARN_OBJC_LITERAL_CONVERSION = YES;
				CLANG_WARN_OBJC_ROOT_CLASS = YES_ERROR;
				CLANG_WARN_RANGE_LOOP_ANALYSIS = YES;
				CLANG_WARN_STRICT_PROTOTYPES = YES;
				CLANG_WARN_SUSPICIOUS_MOVE = YES;
				CLANG_WARN_UNGUARDED_AVAILABILITY = YES_AGGRESSIVE;
				CLANG_WARN_UNREACHABLE_CODE = YES;
				CLANG_WARN__DUPLICATE_METHOD_MATCH = YES;
				CODE_SIGN_IDENTITY = "iPhone Developer";
				COPY_PHASE_STRIP = NO;
				DEBUG_INFORMATION_FORMAT = dwarf;
				ENABLE_STRICT_OBJC_MSGSEND = YES;
				ENABLE_TESTABILITY = YES;
				GCC_C_LANGUAGE_STANDARD = gnu11;
				GCC_DYNAMIC_NO_PIC = NO;
				GCC_NO_COMMON_BLOCKS = YES;
				GCC_OPTIMIZATION_LEVEL = 0;
				GCC_PREPROCESSOR_DEFINITIONS = (
					"DEBUG=1",
					"$(inherited)",
				);
				GCC_WARN_64_TO_32_BIT_CONVERSION = YES;
				GCC_WARN_ABOUT_RETURN_TYPE = YES_ERROR;
				GCC_WARN_UNDECLARED_SELECTOR = YES;
				GCC_WARN_UNINITIALIZED_AUTOS = YES_AGGRESSIVE;
				GCC_WARN_UNUSED_FUNCTION = YES;
				GCC_WARN_UNUSED_VARIABLE = YES;
				IPHONEOS_DEPLOYMENT_TARGET = 12.2;
				MTL_ENABLE_DEBUG_INFO = INCLUDE_SOURCE;
				MTL_FAST_MATH = YES;
				ONLY_ACTIVE_ARCH = YES;
				SDKROOT = iphoneos;
				SWIFT_ACTIVE_COMPILATION_CONDITIONS = DEBUG;
				SWIFT_OPTIMIZATION_LEVEL = "-Onone";
			};
			name = Debug;
		};
		FDF8A165232C1D7800AC4C64 /* Release */ = {
			isa = XCBuildConfiguration;
			buildSettings = {
				ALWAYS_SEARCH_USER_PATHS = NO;
				CLANG_ANALYZER_NONNULL = YES;
				CLANG_ANALYZER_NUMBER_OBJECT_CONVERSION = YES_AGGRESSIVE;
				CLANG_CXX_LANGUAGE_STANDARD = "gnu++14";
				CLANG_CXX_LIBRARY = "libc++";
				CLANG_ENABLE_MODULES = YES;
				CLANG_ENABLE_OBJC_ARC = YES;
				CLANG_ENABLE_OBJC_WEAK = YES;
				CLANG_WARN_BLOCK_CAPTURE_AUTORELEASING = YES;
				CLANG_WARN_BOOL_CONVERSION = YES;
				CLANG_WARN_COMMA = YES;
				CLANG_WARN_CONSTANT_CONVERSION = YES;
				CLANG_WARN_DEPRECATED_OBJC_IMPLEMENTATIONS = YES;
				CLANG_WARN_DIRECT_OBJC_ISA_USAGE = YES_ERROR;
				CLANG_WARN_DOCUMENTATION_COMMENTS = YES;
				CLANG_WARN_EMPTY_BODY = YES;
				CLANG_WARN_ENUM_CONVERSION = YES;
				CLANG_WARN_INFINITE_RECURSION = YES;
				CLANG_WARN_INT_CONVERSION = YES;
				CLANG_WARN_NON_LITERAL_NULL_CONVERSION = YES;
				CLANG_WARN_OBJC_IMPLICIT_RETAIN_SELF = YES;
				CLANG_WARN_OBJC_LITERAL_CONVERSION = YES;
				CLANG_WARN_OBJC_ROOT_CLASS = YES_ERROR;
				CLANG_WARN_RANGE_LOOP_ANALYSIS = YES;
				CLANG_WARN_STRICT_PROTOTYPES = YES;
				CLANG_WARN_SUSPICIOUS_MOVE = YES;
				CLANG_WARN_UNGUARDED_AVAILABILITY = YES_AGGRESSIVE;
				CLANG_WARN_UNREACHABLE_CODE = YES;
				CLANG_WARN__DUPLICATE_METHOD_MATCH = YES;
				CODE_SIGN_IDENTITY = "iPhone Developer";
				COPY_PHASE_STRIP = NO;
				DEBUG_INFORMATION_FORMAT = "dwarf-with-dsym";
				ENABLE_NS_ASSERTIONS = NO;
				ENABLE_STRICT_OBJC_MSGSEND = YES;
				GCC_C_LANGUAGE_STANDARD = gnu11;
				GCC_NO_COMMON_BLOCKS = YES;
				GCC_WARN_64_TO_32_BIT_CONVERSION = YES;
				GCC_WARN_ABOUT_RETURN_TYPE = YES_ERROR;
				GCC_WARN_UNDECLARED_SELECTOR = YES;
				GCC_WARN_UNINITIALIZED_AUTOS = YES_AGGRESSIVE;
				GCC_WARN_UNUSED_FUNCTION = YES;
				GCC_WARN_UNUSED_VARIABLE = YES;
				IPHONEOS_DEPLOYMENT_TARGET = 12.2;
				MTL_ENABLE_DEBUG_INFO = NO;
				MTL_FAST_MATH = YES;
				SDKROOT = iphoneos;
				SWIFT_COMPILATION_MODE = wholemodule;
				SWIFT_OPTIMIZATION_LEVEL = "-O";
				VALIDATE_PRODUCT = YES;
			};
			name = Release;
		};
		FDF8A167232C1D7800AC4C64 /* Debug */ = {
			isa = XCBuildConfiguration;
			buildSettings = {
				ASSETCATALOG_COMPILER_APPICON_NAME = AppIcon;
				CODE_SIGN_STYLE = Automatic;
				DEVELOPMENT_TEAM = 43W32NS74J;
				INFOPLIST_FILE = "$(SRCROOT)/MultiMVCProject/Supporting Files/Info.plist";
				LD_RUNPATH_SEARCH_PATHS = (
					"$(inherited)",
					"@executable_path/Frameworks",
				);
				PRODUCT_BUNDLE_IDENTIFIER = Home.MultiMVCProject;
				PRODUCT_NAME = "$(TARGET_NAME)";
				SWIFT_VERSION = 5.0;
				TARGETED_DEVICE_FAMILY = "1,2";
			};
			name = Debug;
		};
		FDF8A168232C1D7800AC4C64 /* Release */ = {
			isa = XCBuildConfiguration;
			buildSettings = {
				ASSETCATALOG_COMPILER_APPICON_NAME = AppIcon;
				CODE_SIGN_STYLE = Automatic;
				DEVELOPMENT_TEAM = 43W32NS74J;
				INFOPLIST_FILE = "$(SRCROOT)/MultiMVCProject/Supporting Files/Info.plist";
				LD_RUNPATH_SEARCH_PATHS = (
					"$(inherited)",
					"@executable_path/Frameworks",
				);
				PRODUCT_BUNDLE_IDENTIFIER = Home.MultiMVCProject;
				PRODUCT_NAME = "$(TARGET_NAME)";
				SWIFT_VERSION = 5.0;
				TARGETED_DEVICE_FAMILY = "1,2";
			};
			name = Release;
		};
/* End XCBuildConfiguration section */

/* Begin XCConfigurationList section */
		FDF8A14F232C1D7600AC4C64 /* Build configuration list for PBXProject "MultiMVCProject" */ = {
			isa = XCConfigurationList;
			buildConfigurations = (
				FDF8A164232C1D7800AC4C64 /* Debug */,
				FDF8A165232C1D7800AC4C64 /* Release */,
			);
			defaultConfigurationIsVisible = 0;
			defaultConfigurationName = Release;
		};
		FDF8A166232C1D7800AC4C64 /* Build configuration list for PBXNativeTarget "MultiMVCProject" */ = {
			isa = XCConfigurationList;
			buildConfigurations = (
				FDF8A167232C1D7800AC4C64 /* Debug */,
				FDF8A168232C1D7800AC4C64 /* Release */,
			);
			defaultConfigurationIsVisible = 0;
			defaultConfigurationName = Release;
		};
/* End XCConfigurationList section */
	};
	rootObject = FDF8A14C232C1D7600AC4C64 /* Project object */;
}
